
Microsoft Visual Studio Solution File, Format Version 12.00
# Visual Studio 15
VisualStudioVersion = 15.0.28307.136
MinimumVisualStudioVersion = 10.0.40219.1
Project("{FAE04EC0-301F-11D3-BF4B-00C04F79EFBC}") = "ptut2", "ptut2\ptut2.csproj", "{864E819D-0706-40D2-B020-31D69CD11EBA}"
EndProject
Global
	GlobalSection(SolutionConfigurationPlatforms) = preSolution
		Debug|Any CPU = Debug|Any CPU
		Release|Any CPU = Release|Any CPU
	EndGlobalSection
	GlobalSection(ProjectConfigurationPlatforms) = postSolution
		{864E819D-0706-40D2-B020-31D69CD11EBA}.Debug|Any CPU.ActiveCfg = Debug|Any CPU
		{864E819D-0706-40D2-B020-31D69CD11EBA}.Debug|Any CPU.Build.0 = Debug|Any CPU
		{864E819D-0706-40D2-B020-31D69CD11EBA}.Release|Any CPU.ActiveCfg = Release|Any CPU
		{864E819D-0706-40D2-B020-31D69CD11EBA}.Release|Any CPU.Build.0 = Release|Any CPU
	EndGlobalSection
	GlobalSection(SolutionProperties) = preSolution
		HideSolutionNode = FALSE
	EndGlobalSection
	GlobalSection(ExtensibilityGlobals) = postSolution
		SolutionGuid = {25F8761C-E486-4626-843F-F7BB90085512}
	EndGlobalSection
EndGlobal
